
Microsoft Visual Studio Solution File, Format Version 12.00
# Visual Studio 15
VisualStudioVersion = 15.0.27130.2020
MinimumVisualStudioVersion = 10.0.40219.1
Project("{FAE04EC0-301F-11D3-BF4B-00C04F79EFBC}") = "ProcedureGenerator", "ProcedureGenerator\ProcedureGenerator.csproj", "{7A1CB3F2-033A-4EFF-BD8F-C8C67962E104}"
EndProject
Global
	GlobalSection(SolutionConfigurationPlatforms) = preSolution
		Debug|Any CPU = Debug|Any CPU
		Release|Any CPU = Release|Any CPU
	EndGlobalSection
	GlobalSection(ProjectConfigurationPlatforms) = postSolution
		{7A1CB3F2-033A-4EFF-BD8F-C8C67962E104}.Debug|Any CPU.ActiveCfg = Debug|Any CPU
		{7A1CB3F2-033A-4EFF-BD8F-C8C67962E104}.Debug|Any CPU.Build.0 = Debug|Any CPU
		{7A1CB3F2-033A-4EFF-BD8F-C8C67962E104}.Release|Any CPU.ActiveCfg = Release|Any CPU
		{7A1CB3F2-033A-4EFF-BD8F-C8C67962E104}.Release|Any CPU.Build.0 = Release|Any CPU
	EndGlobalSection
	GlobalSection(SolutionProperties) = preSolution
		HideSolutionNode = FALSE
	EndGlobalSection
	GlobalSection(ExtensibilityGlobals) = postSolution
		SolutionGuid = {70D49FC9-5AEA-4BB3-9E3A-4ED2C917EA7B}
	EndGlobalSection
EndGlobal
